{
    "_meta": {
        "hash": {
            "sha256": "eb00b2c46adcd2b0017ce4e921867aceb4abb9f1982ee25c6f99ab1c81c0fb17"
        },
        "pipfile-spec": 6,
        "requires": {
            "python_version": "3.8"
        },
        "sources": [
            {
                "name": "pypi",
                "url": "https://pypi.org/simple",
                "verify_ssl": true
            }
        ]
    },
    "default": {
        "asgiref": {
            "hashes": [
                "sha256:5ee950735509d04eb673bd7f7120f8fa1c9e2df495394992c73234d526907e17",
                "sha256:7162a3cb30ab0609f1a4c95938fd73e8604f63bdba516a7f7d64b83ff09478f0"
            ],
            "markers": "python_version >= '3.5'",
            "version": "==3.3.1"
        },
        "django": {
            "hashes": [
                "sha256:5c866205f15e7a7123f1eec6ab939d22d5bde1416635cab259684af66d8e48a2",
                "sha256:edb10b5c45e7e9c0fb1dc00b76ec7449aca258a39ffd613dbd078c51d19c9f03"
            ],
            "index": "pypi",
            "version": "==3.1.4"
        },
        "django-admin-interface": {
            "hashes": [
                "sha256:199a7f4b9c4f06791c250f030f45da901bd54601d12b85fb9a996f486bd967ce",
                "sha256:3769794a24ae2a3612d565a956c2a5d2286c878a7ba6299572e33494f7f1984f"
            ],
            "index": "pypi",
            "version": "==0.14.1"
        },
        "django-admin-sortable2": {
            "hashes": [
                "sha256:65c8a02300e178b4a02c904b6f4dce6e528c58f5ecab3907dfba3540da51b862"
            ],
            "index": "pypi",
            "version": "==0.7.7"
        },
        "django-colorfield": {
            "hashes": [
                "sha256:e435ec31712f5e8b955cc7633aef1e49cc3b409c21dfcefeb2f6ef0e1cb69533",
                "sha256:f5dde281f4db8871eb5845aee614b4f1a47e7fd5b20476238793f519cd7bdf41"
            ],
            "index": "pypi",
            "version": "==0.3.2"
        },
        "django-environ": {
            "hashes": [
                "sha256:6c9d87660142608f63ec7d5ce5564c49b603ea8ff25da595fd6098f6dc82afde",
                "sha256:c57b3c11ec1f319d9474e3e5a79134f40174b17c7cc024bbb2fad84646b120c4"
            ],
            "index": "pypi",
            "version": "==0.4.5"
        },
        "django-flat-responsive": {
            "hashes": [
                "sha256:451caa2700c541b52fb7ce2d34d3d8dee9e980cf29f5463bc8a8c6256a1a6474"
            ],
            "version": "==2.0"
        },
        "django-flat-theme": {
            "hashes": [
                "sha256:6b522d8c2b5a8228b30947fb002eff2868da076e9beacf3e798410e5c1a2d849"
            ],
            "version": "==1.1.4"
        },
        "django-richtextfield": {
            "hashes": [
                "sha256:120e0f7d234e47cfc694295e12d413db765402c597d7c6ad8892376981e764e9"
            ],
            "index": "pypi",
            "version": "==1.6"
        },
        "gunicorn": {
            "hashes": [
                "sha256:1904bb2b8a43658807108d59c3f3d56c2b6121a701161de0ddf9ad140073c626",
                "sha256:cd4a810dd51bf497552cf3f863b575dabd73d6ad6a91075b65936b151cbf4f9c"
            ],
            "index": "pypi",
            "version": "==20.0.4"
        },
        "pytz": {
            "hashes": [
                "sha256:3e6b7dd2d1e0a59084bcee14a17af60c5c562cdc16d828e8eba2e683d3a7e268",
                "sha256:5c55e189b682d420be27c6995ba6edce0c0a77dd67bfbe2ae6607134d5851ffd"
            ],
            "version": "==2020.4"
        },
        "six": {
            "hashes": [
                "sha256:30639c035cdb23534cd4aa2dd52c3bf48f06e5f4a941509c8bafd8ce11080259",
                "sha256:8b74bedcbbbaca38ff6d7491d76f2b06b3592611af620f8426e82dddb04a5ced"
            ],
            "markers": "python_version >= '2.7' and python_version not in '3.0, 3.1, 3.2, 3.3'",
            "version": "==1.15.0"
        },
        "sqlparse": {
            "hashes": [
                "sha256:017cde379adbd6a1f15a61873f43e8274179378e95ef3fede90b5aa64d304ed0",
                "sha256:0f91fd2e829c44362cbcfab3e9ae12e22badaa8a29ad5ff599f9ec109f0454e8"
            ],
            "markers": "python_version >= '3.5'",
            "version": "==0.4.1"
        }
    },
    "develop": {
        "asgiref": {
            "hashes": [
                "sha256:5ee950735509d04eb673bd7f7120f8fa1c9e2df495394992c73234d526907e17",
                "sha256:7162a3cb30ab0609f1a4c95938fd73e8604f63bdba516a7f7d64b83ff09478f0"
            ],
            "markers": "python_version >= '3.5'",
            "version": "==3.3.1"
        },
        "autopep8": {
            "hashes": [
                "sha256:d21d3901cb0da6ebd1e83fc9b0dfbde8b46afc2ede4fe32fbda0c7c6118ca094"
            ],
            "index": "pypi",
            "version": "==1.5.4"
        },
        "django": {
            "hashes": [
                "sha256:5c866205f15e7a7123f1eec6ab939d22d5bde1416635cab259684af66d8e48a2",
                "sha256:edb10b5c45e7e9c0fb1dc00b76ec7449aca258a39ffd613dbd078c51d19c9f03"
            ],
            "index": "pypi",
            "version": "==3.1.4"
        },
        "django-debug-toolbar": {
            "hashes": [
                "sha256:a1ce0665f7ef47d27b8df4b5d1058748e1f08500a01421a30d35164f38aaaf4c",
                "sha256:c97921a9cd421d392e7860dc4b464db8e06c8628df4dc58fedab012888c293c6"
            ],
            "index": "pypi",
            "version": "==3.1.1"
        },
        "pycodestyle": {
            "hashes": [
                "sha256:2295e7b2f6b5bd100585ebcb1f616591b652db8a741695b3d8f5d28bdc934367",
                "sha256:c58a7d2815e0e8d7972bf1803331fb0152f867bd89adf8a01dfd55085434192e"
            ],
            "markers": "python_version >= '2.7' and python_version not in '3.0, 3.1, 3.2, 3.3'",
            "version": "==2.6.0"
        },
        "pytz": {
            "hashes": [
                "sha256:3e6b7dd2d1e0a59084bcee14a17af60c5c562cdc16d828e8eba2e683d3a7e268",
                "sha256:5c55e189b682d420be27c6995ba6edce0c0a77dd67bfbe2ae6607134d5851ffd"
            ],
            "version": "==2020.4"
        },
        "sqlparse": {
            "hashes": [
                "sha256:017cde379adbd6a1f15a61873f43e8274179378e95ef3fede90b5aa64d304ed0",
                "sha256:0f91fd2e829c44362cbcfab3e9ae12e22badaa8a29ad5ff599f9ec109f0454e8"
            ],
            "markers": "python_version >= '3.5'",
            "version": "==0.4.1"
        },
        "toml": {
            "hashes": [
                "sha256:806143ae5bfb6a3c6e736a764057db0e6a0e05e338b5630894a5f779cabb4f9b",
                "sha256:b3bda1d108d5dd99f4a20d24d9c348e91c4db7ab1b749200bded2f839ccbe68f"
            ],
            "markers": "python_version >= '2.6' and python_version not in '3.0, 3.1, 3.2, 3.3'",
            "version": "==0.10.2"
        }
    }
}
